
Microsoft Visual Studio Solution File, Format Version 12.00
# Visual Studio 15
VisualStudioVersion = 15.0.28307.168
MinimumVisualStudioVersion = 10.0.40219.1
Project("{FAE04EC0-301F-11D3-BF4B-00C04F79EFBC}") = "EdgeDetection", "EdgeDetection\EdgeDetection.csproj", "{53D647E7-50DA-4553-9EB7-1C932FE040F0}"
EndProject
Global
	GlobalSection(SolutionConfigurationPlatforms) = preSolution
		Debug|Any CPU = Debug|Any CPU
		Release|Any CPU = Release|Any CPU
	EndGlobalSection
	GlobalSection(ProjectConfigurationPlatforms) = postSolution
		{53D647E7-50DA-4553-9EB7-1C932FE040F0}.Debug|Any CPU.ActiveCfg = Debug|Any CPU
		{53D647E7-50DA-4553-9EB7-1C932FE040F0}.Debug|Any CPU.Build.0 = Debug|Any CPU
		{53D647E7-50DA-4553-9EB7-1C932FE040F0}.Release|Any CPU.ActiveCfg = Release|Any CPU
		{53D647E7-50DA-4553-9EB7-1C932FE040F0}.Release|Any CPU.Build.0 = Release|Any CPU
	EndGlobalSection
	GlobalSection(SolutionProperties) = preSolution
		HideSolutionNode = FALSE
	EndGlobalSection
	GlobalSection(ExtensibilityGlobals) = postSolution
		SolutionGuid = {0C50773A-BDC5-4BF3-822D-71C39A121A1B}
	EndGlobalSection
EndGlobal
